{
  "name": "web2md",
  "version": "1.0.0",
  "lockfileVersion": 3,
  "requires": true,
  "packages": {
    "": {
      "name": "web2md",
      "version": "1.0.0",
      "license": "ISC",
      "dependencies": {
        "undici": "^7.13.0"
      }
    },
    "node_modules/undici": {
      "version": "7.13.0",
      "resolved": "https://registry.npmjs.org/undici/-/undici-7.13.0.tgz",
      "integrity": "sha512-l+zSMssRqrzDcb3fjMkjjLGmuiiK2pMIcV++mJaAc9vhjSGpvM7h43QgP+OAMb1GImHmbPyG2tBXeuyG5iY4gA==",
      "license": "MIT",
      "engines": {
        "node": ">=20.18.1"
      }
    }
  }
}
